
Microsoft Visual Studio Solution File, Format Version 12.00
# Visual Studio Version 16
VisualStudioVersion = 16.0.31729.503
MinimumVisualStudioVersion = 10.0.40219.1
Project("{FAE04EC0-301F-11D3-BF4B-00C04F79EFBC}") = "abstratas", "abstratas\abstratas.csproj", "{8E98E507-6FAE-46E1-8F48-400189093A0B}"
EndProject
Global
	GlobalSection(SolutionConfigurationPlatforms) = preSolution
		Debug|Any CPU = Debug|Any CPU
		Release|Any CPU = Release|Any CPU
	EndGlobalSection
	GlobalSection(ProjectConfigurationPlatforms) = postSolution
		{8E98E507-6FAE-46E1-8F48-400189093A0B}.Debug|Any CPU.ActiveCfg = Debug|Any CPU
		{8E98E507-6FAE-46E1-8F48-400189093A0B}.Debug|Any CPU.Build.0 = Debug|Any CPU
		{8E98E507-6FAE-46E1-8F48-400189093A0B}.Release|Any CPU.ActiveCfg = Release|Any CPU
		{8E98E507-6FAE-46E1-8F48-400189093A0B}.Release|Any CPU.Build.0 = Release|Any CPU
	EndGlobalSection
	GlobalSection(SolutionProperties) = preSolution
		HideSolutionNode = FALSE
	EndGlobalSection
	GlobalSection(ExtensibilityGlobals) = postSolution
		SolutionGuid = {BAB5D638-1A55-4344-9020-77BA729523AB}
	EndGlobalSection
EndGlobal
